// !$*UTF8*$!
{
	archiveVersion = 1;
	classes = {
	};
	objectVersion = 56;
	objects = {

/* Begin PBXBuildFile section */
		FA59C8B22AE13902001B341C /* TabViewApp.swift in Sources */ = {isa = PBXBuildFile; fileRef = FA59C8B12AE13902001B341C /* TabViewApp.swift */; };
		FA59C8B42AE13902001B341C /* ContentView.swift in Sources */ = {isa = PBXBuildFile; fileRef = FA59C8B32AE13902001B341C /* ContentView.swift */; };
		FA59C8B62AE13904001B341C /* Assets.xcassets in Resources */ = {isa = PBXBuildFile; fileRef = FA59C8B52AE13904001B341C /* Assets.xcassets */; };
		FA59C8B92AE13904001B341C /* Preview Assets.xcassets in Resources */ = {isa = PBXBuildFile; fileRef = FA59C8B82AE13904001B341C /* Preview Assets.xcassets */; };
		FA59C8C32AE13905001B341C /* TabViewTests.swift in Sources */ = {isa = PBXBuildFile; fileRef = FA59C8C22AE13905001B341C /* TabViewTests.swift */; };
		FA59C8CD2AE13905001B341C /* TabViewUITests.swift in Sources */ = {isa = PBXBuildFile; fileRef = FA59C8CC2AE13905001B341C /* TabViewUITests.swift */; };
		FA59C8CF2AE13905001B341C /* TabViewUITestsLaunchTests.swift in Sources */ = {isa = PBXBuildFile; fileRef = FA59C8CE2AE13905001B341C /* TabViewUITestsLaunchTests.swift */; };
		FA59C8DE2AE139C5001B341C /* HomeUIView.swift in Sources */ = {isa = PBXBuildFile; fileRef = FA59C8DD2AE139C5001B341C /* HomeUIView.swift */; };
		FA59C8E12AE139F1001B341C /* CatalogUIView.swift in Sources */ = {isa = PBXBuildFile; fileRef = FA59C8E02AE139F1001B341C /* CatalogUIView.swift */; };
		FA59C8E42AE13A29001B341C /* BasketUIView.swift in Sources */ = {isa = PBXBuildFile; fileRef = FA59C8E32AE13A29001B341C /* BasketUIView.swift */; };
		FA59C8E72AE13A56001B341C /* ProfileUIView.swift in Sources */ = {isa = PBXBuildFile; fileRef = FA59C8E62AE13A56001B341C /* ProfileUIView.swift */; };
		FA59C8E92AE13A76001B341C /* MainUIView.swift in Sources */ = {isa = PBXBuildFile; fileRef = FA59C8E82AE13A76001B341C /* MainUIView.swift */; };
		FA59C8EC2AE13B67001B341C /* MapView.swift in Sources */ = {isa = PBXBuildFile; fileRef = FA59C8EB2AE13B67001B341C /* MapView.swift */; };
		FA59C8EE2AE13D8B001B341C /* CircleImage.swift in Sources */ = {isa = PBXBuildFile; fileRef = FA59C8ED2AE13D8B001B341C /* CircleImage.swift */; };
		FA59C8F02AE13E06001B341C /* HomeDetailUIView.swift in Sources */ = {isa = PBXBuildFile; fileRef = FA59C8EF2AE13E06001B341C /* HomeDetailUIView.swift */; };
		FA59C8F22AE13E88001B341C /* CatalogDetailUIView.swift in Sources */ = {isa = PBXBuildFile; fileRef = FA59C8F12AE13E88001B341C /* CatalogDetailUIView.swift */; };
/* End PBXBuildFile section */

/* Begin PBXContainerItemProxy section */
		FA59C8BF2AE13905001B341C /* PBXContainerItemProxy */ = {
			isa = PBXContainerItemProxy;
			containerPortal = FA59C8A62AE13902001B341C /* Project object */;
			proxyType = 1;
			remoteGlobalIDString = FA59C8AD2AE13902001B341C;
			remoteInfo = TabView;
		};
		FA59C8C92AE13905001B341C /* PBXContainerItemProxy */ = {
			isa = PBXContainerItemProxy;
			containerPortal = FA59C8A62AE13902001B341C /* Project object */;
			proxyType = 1;
			remoteGlobalIDString = FA59C8AD2AE13902001B341C;
			remoteInfo = TabView;
		};
/* End PBXContainerItemProxy section */

/* Begin PBXFileReference section */
		FA59C8AE2AE13902001B341C /* TabView.app */ = {isa = PBXFileReference; explicitFileType = wrapper.application; includeInIndex = 0; path = TabView.app; sourceTree = BUILT_PRODUCTS_DIR; };
		FA59C8B12AE13902001B341C /* TabViewApp.swift */ = {isa = PBXFileReference; lastKnownFileType = sourcecode.swift; path = TabViewApp.swift; sourceTree = "<group>"; };
		FA59C8B32AE13902001B341C /* ContentView.swift */ = {isa = PBXFileReference; lastKnownFileType = sourcecode.swift; path = ContentView.swift; sourceTree = "<group>"; };
		FA59C8B52AE13904001B341C /* Assets.xcassets */ = {isa = PBXFileReference; lastKnownFileType = folder.assetcatalog; path = Assets.xcassets; sourceTree = "<group>"; };
		FA59C8B82AE13904001B341C /* Preview Assets.xcassets */ = {isa = PBXFileReference; lastKnownFileType = folder.assetcatalog; path = "Preview Assets.xcassets"; sourceTree = "<group>"; };
		FA59C8BE2AE13905001B341C /* TabViewTests.xctest */ = {isa = PBXFileReference; explicitFileType = wrapper.cfbundle; includeInIndex = 0; path = TabViewTests.xctest; sourceTree = BUILT_PRODUCTS_DIR; };
		FA59C8C22AE13905001B341C /* TabViewTests.swift */ = {isa = PBXFileReference; lastKnownFileType = sourcecode.swift; path = TabViewTests.swift; sourceTree = "<group>"; };
		FA59C8C82AE13905001B341C /* TabViewUITests.xctest */ = {isa = PBXFileReference; explicitFileType = wrapper.cfbundle; includeInIndex = 0; path = TabViewUITests.xctest; sourceTree = BUILT_PRODUCTS_DIR; };
		FA59C8CC2AE13905001B341C /* TabViewUITests.swift */ = {isa = PBXFileReference; lastKnownFileType = sourcecode.swift; path = TabViewUITests.swift; sourceTree = "<group>"; };
		FA59C8CE2AE13905001B341C /* TabViewUITestsLaunchTests.swift */ = {isa = PBXFileReference; lastKnownFileType = sourcecode.swift; path = TabViewUITestsLaunchTests.swift; sourceTree = "<group>"; };
		FA59C8DD2AE139C5001B341C /* HomeUIView.swift */ = {isa = PBXFileReference; lastKnownFileType = sourcecode.swift; path = HomeUIView.swift; sourceTree = "<group>"; };
		FA59C8E02AE139F1001B341C /* CatalogUIView.swift */ = {isa = PBXFileReference; lastKnownFileType = sourcecode.swift; path = CatalogUIView.swift; sourceTree = "<group>"; };
		FA59C8E32AE13A29001B341C /* BasketUIView.swift */ = {isa = PBXFileReference; lastKnownFileType = sourcecode.swift; path = BasketUIView.swift; sourceTree = "<group>"; };
		FA59C8E62AE13A56001B341C /* ProfileUIView.swift */ = {isa = PBXFileReference; lastKnownFileType = sourcecode.swift; path = ProfileUIView.swift; sourceTree = "<group>"; };
		FA59C8E82AE13A76001B341C /* MainUIView.swift */ = {isa = PBXFileReference; lastKnownFileType = sourcecode.swift; path = MainUIView.swift; sourceTree = "<group>"; };
		FA59C8EB2AE13B67001B341C /* MapView.swift */ = {isa = PBXFileReference; lastKnownFileType = sourcecode.swift; path = MapView.swift; sourceTree = "<group>"; };
		FA59C8ED2AE13D8B001B341C /* CircleImage.swift */ = {isa = PBXFileReference; lastKnownFileType = sourcecode.swift; path = CircleImage.swift; sourceTree = "<group>"; };
		FA59C8EF2AE13E06001B341C /* HomeDetailUIView.swift */ = {isa = PBXFileReference; lastKnownFileType = sourcecode.swift; path = HomeDetailUIView.swift; sourceTree = "<group>"; };
		FA59C8F12AE13E88001B341C /* CatalogDetailUIView.swift */ = {isa = PBXFileReference; lastKnownFileType = sourcecode.swift; path = CatalogDetailUIView.swift; sourceTree = "<group>"; };
/* End PBXFileReference section */

/* Begin PBXFrameworksBuildPhase section */
		FA59C8AB2AE13902001B341C /* Frameworks */ = {
			isa = PBXFrameworksBuildPhase;
			buildActionMask = 2147483647;
			files = (
			);
			runOnlyForDeploymentPostprocessing = 0;
		};
		FA59C8BB2AE13905001B341C /* Frameworks */ = {
			isa = PBXFrameworksBuildPhase;
			buildActionMask = 2147483647;
			files = (
			);
			runOnlyForDeploymentPostprocessing = 0;
		};
		FA59C8C52AE13905001B341C /* Frameworks */ = {
			isa = PBXFrameworksBuildPhase;
			buildActionMask = 2147483647;
			files = (
			);
			runOnlyForDeploymentPostprocessing = 0;
		};
/* End PBXFrameworksBuildPhase section */

/* Begin PBXGroup section */
		FA59C8A52AE13902001B341C = {
			isa = PBXGroup;
			children = (
				FA59C8B02AE13902001B341C /* TabView */,
				FA59C8C12AE13905001B341C /* TabViewTests */,
				FA59C8CB2AE13905001B341C /* TabViewUITests */,
				FA59C8AF2AE13902001B341C /* Products */,
			);
			sourceTree = "<group>";
		};
		FA59C8AF2AE13902001B341C /* Products */ = {
			isa = PBXGroup;
			children = (
				FA59C8AE2AE13902001B341C /* TabView.app */,
				FA59C8BE2AE13905001B341C /* TabViewTests.xctest */,
				FA59C8C82AE13905001B341C /* TabViewUITests.xctest */,
			);
			name = Products;
			sourceTree = "<group>";
		};
		FA59C8B02AE13902001B341C /* TabView */ = {
			isa = PBXGroup;
			children = (
				FA59C8EA2AE13B21001B341C /* utill */,
				FA59C8DB2AE1399E001B341C /* screen */,
				FA59C8B12AE13902001B341C /* TabViewApp.swift */,
				FA59C8B32AE13902001B341C /* ContentView.swift */,
				FA59C8B52AE13904001B341C /* Assets.xcassets */,
				FA59C8B72AE13904001B341C /* Preview Content */,
				FA59C8E82AE13A76001B341C /* MainUIView.swift */,
			);
			path = TabView;
			sourceTree = "<group>";
		};
		FA59C8B72AE13904001B341C /* Preview Content */ = {
			isa = PBXGroup;
			children = (
				FA59C8B82AE13904001B341C /* Preview Assets.xcassets */,
			);
			path = "Preview Content";
			sourceTree = "<group>";
		};
		FA59C8C12AE13905001B341C /* TabViewTests */ = {
			isa = PBXGroup;
			children = (
				FA59C8C22AE13905001B341C /* TabViewTests.swift */,
			);
			path = TabViewTests;
			sourceTree = "<group>";
		};
		FA59C8CB2AE13905001B341C /* TabViewUITests */ = {
			isa = PBXGroup;
			children = (
				FA59C8CC2AE13905001B341C /* TabViewUITests.swift */,
				FA59C8CE2AE13905001B341C /* TabViewUITestsLaunchTests.swift */,
			);
			path = TabViewUITests;
			sourceTree = "<group>";
		};
		FA59C8DB2AE1399E001B341C /* screen */ = {
			isa = PBXGroup;
			children = (
				FA59C8E52AE13A3E001B341C /* profile */,
				FA59C8E22AE13A0D001B341C /* basket */,
				FA59C8DF2AE139D1001B341C /* catalog */,
				FA59C8DC2AE139AD001B341C /* home */,
			);
			path = screen;
			sourceTree = "<group>";
		};
		FA59C8DC2AE139AD001B341C /* home */ = {
			isa = PBXGroup;
			children = (
				FA59C8DD2AE139C5001B341C /* HomeUIView.swift */,
				FA59C8EF2AE13E06001B341C /* HomeDetailUIView.swift */,
			);
			path = home;
			sourceTree = "<group>";
		};
		FA59C8DF2AE139D1001B341C /* catalog */ = {
			isa = PBXGroup;
			children = (
				FA59C8E02AE139F1001B341C /* CatalogUIView.swift */,
				FA59C8F12AE13E88001B341C /* CatalogDetailUIView.swift */,
			);
			path = catalog;
			sourceTree = "<group>";
		};
		FA59C8E22AE13A0D001B341C /* basket */ = {
			isa = PBXGroup;
			children = (
				FA59C8E32AE13A29001B341C /* BasketUIView.swift */,
			);
			path = basket;
			sourceTree = "<group>";
		};
		FA59C8E52AE13A3E001B341C /* profile */ = {
			isa = PBXGroup;
			children = (
				FA59C8E62AE13A56001B341C /* ProfileUIView.swift */,
			);
			path = profile;
			sourceTree = "<group>";
		};
		FA59C8EA2AE13B21001B341C /* utill */ = {
			isa = PBXGroup;
			children = (
				FA59C8EB2AE13B67001B341C /* MapView.swift */,
				FA59C8ED2AE13D8B001B341C /* CircleImage.swift */,
			);
			path = utill;
			sourceTree = "<group>";
		};
/* End PBXGroup section */

/* Begin PBXNativeTarget section */
		FA59C8AD2AE13902001B341C /* TabView */ = {
			isa = PBXNativeTarget;
			buildConfigurationList = FA59C8D22AE13905001B341C /* Build configuration list for PBXNativeTarget "TabView" */;
			buildPhases = (
				FA59C8AA2AE13902001B341C /* Sources */,
				FA59C8AB2AE13902001B341C /* Frameworks */,
				FA59C8AC2AE13902001B341C /* Resources */,
			);
			buildRules = (
			);
			dependencies = (
			);
			name = TabView;
			productName = TabView;
			productReference = FA59C8AE2AE13902001B341C /* TabView.app */;
			productType = "com.apple.product-type.application";
		};
		FA59C8BD2AE13905001B341C /* TabViewTests */ = {
			isa = PBXNativeTarget;
			buildConfigurationList = FA59C8D52AE13905001B341C /* Build configuration list for PBXNativeTarget "TabViewTests" */;
			buildPhases = (
				FA59C8BA2AE13905001B341C /* Sources */,
				FA59C8BB2AE13905001B341C /* Frameworks */,
				FA59C8BC2AE13905001B341C /* Resources */,
			);
			buildRules = (
			);
			dependencies = (
				FA59C8C02AE13905001B341C /* PBXTargetDependency */,
			);
			name = TabViewTests;
			productName = TabViewTests;
			productReference = FA59C8BE2AE13905001B341C /* TabViewTests.xctest */;
			productType = "com.apple.product-type.bundle.unit-test";
		};
		FA59C8C72AE13905001B341C /* TabViewUITests */ = {
			isa = PBXNativeTarget;
			buildConfigurationList = FA59C8D82AE13905001B341C /* Build configuration list for PBXNativeTarget "TabViewUITests" */;
			buildPhases = (
				FA59C8C42AE13905001B341C /* Sources */,
				FA59C8C52AE13905001B341C /* Frameworks */,
				FA59C8C62AE13905001B341C /* Resources */,
			);
			buildRules = (
			);
			dependencies = (
				FA59C8CA2AE13905001B341C /* PBXTargetDependency */,
			);
			name = TabViewUITests;
			productName = TabViewUITests;
			productReference = FA59C8C82AE13905001B341C /* TabViewUITests.xctest */;
			productType = "com.apple.product-type.bundle.ui-testing";
		};
/* End PBXNativeTarget section */

/* Begin PBXProject section */
		FA59C8A62AE13902001B341C /* Project object */ = {
			isa = PBXProject;
			attributes = {
				BuildIndependentTargetsInParallel = 1;
				LastSwiftUpdateCheck = 1500;
				LastUpgradeCheck = 1500;
				TargetAttributes = {
					FA59C8AD2AE13902001B341C = {
						CreatedOnToolsVersion = 15.0;
					};
					FA59C8BD2AE13905001B341C = {
						CreatedOnToolsVersion = 15.0;
						TestTargetID = FA59C8AD2AE13902001B341C;
					};
					FA59C8C72AE13905001B341C = {
						CreatedOnToolsVersion = 15.0;
						TestTargetID = FA59C8AD2AE13902001B341C;
					};
				};
			};
			buildConfigurationList = FA59C8A92AE13902001B341C /* Build configuration list for PBXProject "TabView" */;
			compatibilityVersion = "Xcode 14.0";
			developmentRegion = en;
			hasScannedForEncodings = 0;
			knownRegions = (
				en,
				Base,
			);
			mainGroup = FA59C8A52AE13902001B341C;
			productRefGroup = FA59C8AF2AE13902001B341C /* Products */;
			projectDirPath = "";
			projectRoot = "";
			targets = (
				FA59C8AD2AE13902001B341C /* TabView */,
				FA59C8BD2AE13905001B341C /* TabViewTests */,
				FA59C8C72AE13905001B341C /* TabViewUITests */,
			);
		};
/* End PBXProject section */

/* Begin PBXResourcesBuildPhase section */
		FA59C8AC2AE13902001B341C /* Resources */ = {
			isa = PBXResourcesBuildPhase;
			buildActionMask = 2147483647;
			files = (
				FA59C8B92AE13904001B341C /* Preview Assets.xcassets in Resources */,
				FA59C8B62AE13904001B341C /* Assets.xcassets in Resources */,
			);
			runOnlyForDeploymentPostprocessing = 0;
		};
		FA59C8BC2AE13905001B341C /* Resources */ = {
			isa = PBXResourcesBuildPhase;
			buildActionMask = 2147483647;
			files = (
			);
			runOnlyForDeploymentPostprocessing = 0;
		};
		FA59C8C62AE13905001B341C /* Resources */ = {
			isa = PBXResourcesBuildPhase;
			buildActionMask = 2147483647;
			files = (
			);
			runOnlyForDeploymentPostprocessing = 0;
		};
/* End PBXResourcesBuildPhase section */

/* Begin PBXSourcesBuildPhase section */
		FA59C8AA2AE13902001B341C /* Sources */ = {
			isa = PBXSourcesBuildPhase;
			buildActionMask = 2147483647;
			files = (
				FA59C8E72AE13A56001B341C /* ProfileUIView.swift in Sources */,
				FA59C8EC2AE13B67001B341C /* MapView.swift in Sources */,
				FA59C8F22AE13E88001B341C /* CatalogDetailUIView.swift in Sources */,
				FA59C8F02AE13E06001B341C /* HomeDetailUIView.swift in Sources */,
				FA59C8B42AE13902001B341C /* ContentView.swift in Sources */,
				FA59C8B22AE13902001B341C /* TabViewApp.swift in Sources */,
				FA59C8E42AE13A29001B341C /* BasketUIView.swift in Sources */,
				FA59C8EE2AE13D8B001B341C /* CircleImage.swift in Sources */,
				FA59C8E12AE139F1001B341C /* CatalogUIView.swift in Sources */,
				FA59C8DE2AE139C5001B341C /* HomeUIView.swift in Sources */,
				FA59C8E92AE13A76001B341C /* MainUIView.swift in Sources */,
			);
			runOnlyForDeploymentPostprocessing = 0;
		};
		FA59C8BA2AE13905001B341C /* Sources */ = {
			isa = PBXSourcesBuildPhase;
			buildActionMask = 2147483647;
			files = (
				FA59C8C32AE13905001B341C /* TabViewTests.swift in Sources */,
			);
			runOnlyForDeploymentPostprocessing = 0;
		};
		FA59C8C42AE13905001B341C /* Sources */ = {
			isa = PBXSourcesBuildPhase;
			buildActionMask = 2147483647;
			files = (
				FA59C8CD2AE13905001B341C /* TabViewUITests.swift in Sources */,
				FA59C8CF2AE13905001B341C /* TabViewUITestsLaunchTests.swift in Sources */,
			);
			runOnlyForDeploymentPostprocessing = 0;
		};
/* End PBXSourcesBuildPhase section */

/* Begin PBXTargetDependency section */
		FA59C8C02AE13905001B341C /* PBXTargetDependency */ = {
			isa = PBXTargetDependency;
			target = FA59C8AD2AE13902001B341C /* TabView */;
			targetProxy = FA59C8BF2AE13905001B341C /* PBXContainerItemProxy */;
		};
		FA59C8CA2AE13905001B341C /* PBXTargetDependency */ = {
			isa = PBXTargetDependency;
			target = FA59C8AD2AE13902001B341C /* TabView */;
			targetProxy = FA59C8C92AE13905001B341C /* PBXContainerItemProxy */;
		};
/* End PBXTargetDependency section */

/* Begin XCBuildConfiguration section */
		FA59C8D02AE13905001B341C /* Debug */ = {
			isa = XCBuildConfiguration;
			buildSettings = {
				ALWAYS_SEARCH_USER_PATHS = NO;
				ASSETCATALOG_COMPILER_GENERATE_SWIFT_ASSET_SYMBOL_EXTENSIONS = YES;
				CLANG_ANALYZER_NONNULL = YES;
				CLANG_ANALYZER_NUMBER_OBJECT_CONVERSION = YES_AGGRESSIVE;
				CLANG_CXX_LANGUAGE_STANDARD = "gnu++20";
				CLANG_ENABLE_MODULES = YES;
				CLANG_ENABLE_OBJC_ARC = YES;
				CLANG_ENABLE_OBJC_WEAK = YES;
				CLANG_WARN_BLOCK_CAPTURE_AUTORELEASING = YES;
				CLANG_WARN_BOOL_CONVERSION = YES;
				CLANG_WARN_COMMA = YES;
				CLANG_WARN_CONSTANT_CONVERSION = YES;
				CLANG_WARN_DEPRECATED_OBJC_IMPLEMENTATIONS = YES;
				CLANG_WARN_DIRECT_OBJC_ISA_USAGE = YES_ERROR;
				CLANG_WARN_DOCUMENTATION_COMMENTS = YES;
				CLANG_WARN_EMPTY_BODY = YES;
				CLANG_WARN_ENUM_CONVERSION = YES;
				CLANG_WARN_INFINITE_RECURSION = YES;
				CLANG_WARN_INT_CONVERSION = YES;
				CLANG_WARN_NON_LITERAL_NULL_CONVERSION = YES;
				CLANG_WARN_OBJC_IMPLICIT_RETAIN_SELF = YES;
				CLANG_WARN_OBJC_LITERAL_CONVERSION = YES;
				CLANG_WARN_OBJC_ROOT_CLASS = YES_ERROR;
				CLANG_WARN_QUOTED_INCLUDE_IN_FRAMEWORK_HEADER = YES;
				CLANG_WARN_RANGE_LOOP_ANALYSIS = YES;
				CLANG_WARN_STRICT_PROTOTYPES = YES;
				CLANG_WARN_SUSPICIOUS_MOVE = YES;
				CLANG_WARN_UNGUARDED_AVAILABILITY = YES_AGGRESSIVE;
				CLANG_WARN_UNREACHABLE_CODE = YES;
				CLANG_WARN__DUPLICATE_METHOD_MATCH = YES;
				COPY_PHASE_STRIP = NO;
				DEBUG_INFORMATION_FORMAT = dwarf;
				ENABLE_STRICT_OBJC_MSGSEND = YES;
				ENABLE_TESTABILITY = YES;
				ENABLE_USER_SCRIPT_SANDBOXING = YES;
				GCC_C_LANGUAGE_STANDARD = gnu17;
				GCC_DYNAMIC_NO_PIC = NO;
				GCC_NO_COMMON_BLOCKS = YES;
				GCC_OPTIMIZATION_LEVEL = 0;
				GCC_PREPROCESSOR_DEFINITIONS = (
					"DEBUG=1",
					"$(inherited)",
				);
				GCC_WARN_64_TO_32_BIT_CONVERSION = YES;
				GCC_WARN_ABOUT_RETURN_TYPE = YES_ERROR;
				GCC_WARN_UNDECLARED_SELECTOR = YES;
				GCC_WARN_UNINITIALIZED_AUTOS = YES_AGGRESSIVE;
				GCC_WARN_UNUSED_FUNCTION = YES;
				GCC_WARN_UNUSED_VARIABLE = YES;
				IPHONEOS_DEPLOYMENT_TARGET = 17.0;
				LOCALIZATION_PREFERS_STRING_CATALOGS = YES;
				MTL_ENABLE_DEBUG_INFO = INCLUDE_SOURCE;
				MTL_FAST_MATH = YES;
				ONLY_ACTIVE_ARCH = YES;
				SDKROOT = iphoneos;
				SWIFT_ACTIVE_COMPILATION_CONDITIONS = "DEBUG $(inherited)";
				SWIFT_OPTIMIZATION_LEVEL = "-Onone";
			};
			name = Debug;
		};
		FA59C8D12AE13905001B341C /* Release */ = {
			isa = XCBuildConfiguration;
			buildSettings = {
				ALWAYS_SEARCH_USER_PATHS = NO;
				ASSETCATALOG_COMPILER_GENERATE_SWIFT_ASSET_SYMBOL_EXTENSIONS = YES;
				CLANG_ANALYZER_NONNULL = YES;
				CLANG_ANALYZER_NUMBER_OBJECT_CONVERSION = YES_AGGRESSIVE;
				CLANG_CXX_LANGUAGE_STANDARD = "gnu++20";
				CLANG_ENABLE_MODULES = YES;
				CLANG_ENABLE_OBJC_ARC = YES;
				CLANG_ENABLE_OBJC_WEAK = YES;
				CLANG_WARN_BLOCK_CAPTURE_AUTORELEASING = YES;
				CLANG_WARN_BOOL_CONVERSION = YES;
				CLANG_WARN_COMMA = YES;
				CLANG_WARN_CONSTANT_CONVERSION = YES;
				CLANG_WARN_DEPRECATED_OBJC_IMPLEMENTATIONS = YES;
				CLANG_WARN_DIRECT_OBJC_ISA_USAGE = YES_ERROR;
				CLANG_WARN_DOCUMENTATION_COMMENTS = YES;
				CLANG_WARN_EMPTY_BODY = YES;
				CLANG_WARN_ENUM_CONVERSION = YES;
				CLANG_WARN_INFINITE_RECURSION = YES;
				CLANG_WARN_INT_CONVERSION = YES;
				CLANG_WARN_NON_LITERAL_NULL_CONVERSION = YES;
				CLANG_WARN_OBJC_IMPLICIT_RETAIN_SELF = YES;
				CLANG_WARN_OBJC_LITERAL_CONVERSION = YES;
				CLANG_WARN_OBJC_ROOT_CLASS = YES_ERROR;
				CLANG_WARN_QUOTED_INCLUDE_IN_FRAMEWORK_HEADER = YES;
				CLANG_WARN_RANGE_LOOP_ANALYSIS = YES;
				CLANG_WARN_STRICT_PROTOTYPES = YES;
				CLANG_WARN_SUSPICIOUS_MOVE = YES;
				CLANG_WARN_UNGUARDED_AVAILABILITY = YES_AGGRESSIVE;
				CLANG_WARN_UNREACHABLE_CODE = YES;
				CLANG_WARN__DUPLICATE_METHOD_MATCH = YES;
				COPY_PHASE_STRIP = NO;
				DEBUG_INFORMATION_FORMAT = "dwarf-with-dsym";
				ENABLE_NS_ASSERTIONS = NO;
				ENABLE_STRICT_OBJC_MSGSEND = YES;
				ENABLE_USER_SCRIPT_SANDBOXING = YES;
				GCC_C_LANGUAGE_STANDARD = gnu17;
				GCC_NO_COMMON_BLOCKS = YES;
				GCC_WARN_64_TO_32_BIT_CONVERSION = YES;
				GCC_WARN_ABOUT_RETURN_TYPE = YES_ERROR;
				GCC_WARN_UNDECLARED_SELECTOR = YES;
				GCC_WARN_UNINITIALIZED_AUTOS = YES_AGGRESSIVE;
				GCC_WARN_UNUSED_FUNCTION = YES;
				GCC_WARN_UNUSED_VARIABLE = YES;
				IPHONEOS_DEPLOYMENT_TARGET = 17.0;
				LOCALIZATION_PREFERS_STRING_CATALOGS = YES;
				MTL_ENABLE_DEBUG_INFO = NO;
				MTL_FAST_MATH = YES;
				SDKROOT = iphoneos;
				SWIFT_COMPILATION_MODE = wholemodule;
				VALIDATE_PRODUCT = YES;
			};
			name = Release;
		};
		FA59C8D32AE13905001B341C /* Debug */ = {
			isa = XCBuildConfiguration;
			buildSettings = {
				ASSETCATALOG_COMPILER_APPICON_NAME = AppIcon;
				ASSETCATALOG_COMPILER_GLOBAL_ACCENT_COLOR_NAME = AccentColor;
				CODE_SIGN_STYLE = Automatic;
				CURRENT_PROJECT_VERSION = 1;
				DEVELOPMENT_ASSET_PATHS = "\"TabView/Preview Content\"";
				DEVELOPMENT_TEAM = K46D6GV5UJ;
				ENABLE_PREVIEWS = YES;
				GENERATE_INFOPLIST_FILE = YES;
				INFOPLIST_KEY_UIApplicationSceneManifest_Generation = YES;
				INFOPLIST_KEY_UIApplicationSupportsIndirectInputEvents = YES;
				INFOPLIST_KEY_UILaunchScreen_Generation = YES;
				INFOPLIST_KEY_UISupportedInterfaceOrientations_iPad = "UIInterfaceOrientationPortrait UIInterfaceOrientationPortraitUpsideDown UIInterfaceOrientationLandscapeLeft UIInterfaceOrientationLandscapeRight";
				INFOPLIST_KEY_UISupportedInterfaceOrientations_iPhone = "UIInterfaceOrientationPortrait UIInterfaceOrientationLandscapeLeft UIInterfaceOrientationLandscapeRight";
				LD_RUNPATH_SEARCH_PATHS = (
					"$(inherited)",
					"@executable_path/Frameworks",
				);
				MARKETING_VERSION = 1.0;
				PRODUCT_BUNDLE_IDENTIFIER = kg.geekstudio.TabView;
				PRODUCT_NAME = "$(TARGET_NAME)";
				SWIFT_EMIT_LOC_STRINGS = YES;
				SWIFT_VERSION = 5.0;
				TARGETED_DEVICE_FAMILY = "1,2";
			};
			name = Debug;
		};
		FA59C8D42AE13905001B341C /* Release */ = {
			isa = XCBuildConfiguration;
			buildSettings = {
				ASSETCATALOG_COMPILER_APPICON_NAME = AppIcon;
				ASSETCATALOG_COMPILER_GLOBAL_ACCENT_COLOR_NAME = AccentColor;
				CODE_SIGN_STYLE = Automatic;
				CURRENT_PROJECT_VERSION = 1;
				DEVELOPMENT_ASSET_PATHS = "\"TabView/Preview Content\"";
				DEVELOPMENT_TEAM = K46D6GV5UJ;
				ENABLE_PREVIEWS = YES;
				GENERATE_INFOPLIST_FILE = YES;
				INFOPLIST_KEY_UIApplicationSceneManifest_Generation = YES;
				INFOPLIST_KEY_UIApplicationSupportsIndirectInputEvents = YES;
				INFOPLIST_KEY_UILaunchScreen_Generation = YES;
				INFOPLIST_KEY_UISupportedInterfaceOrientations_iPad = "UIInterfaceOrientationPortrait UIInterfaceOrientationPortraitUpsideDown UIInterfaceOrientationLandscapeLeft UIInterfaceOrientationLandscapeRight";
				INFOPLIST_KEY_UISupportedInterfaceOrientations_iPhone = "UIInterfaceOrientationPortrait UIInterfaceOrientationLandscapeLeft UIInterfaceOrientationLandscapeRight";
				LD_RUNPATH_SEARCH_PATHS = (
					"$(inherited)",
					"@executable_path/Frameworks",
				);
				MARKETING_VERSION = 1.0;
				PRODUCT_BUNDLE_IDENTIFIER = kg.geekstudio.TabView;
				PRODUCT_NAME = "$(TARGET_NAME)";
				SWIFT_EMIT_LOC_STRINGS = YES;
				SWIFT_VERSION = 5.0;
				TARGETED_DEVICE_FAMILY = "1,2";
			};
			name = Release;
		};
		FA59C8D62AE13905001B341C /* Debug */ = {
			isa = XCBuildConfiguration;
			buildSettings = {
				ALWAYS_EMBED_SWIFT_STANDARD_LIBRARIES = YES;
				BUNDLE_LOADER = "$(TEST_HOST)";
				CODE_SIGN_STYLE = Automatic;
				CURRENT_PROJECT_VERSION = 1;
				DEVELOPMENT_TEAM = K46D6GV5UJ;
				GENERATE_INFOPLIST_FILE = YES;
				IPHONEOS_DEPLOYMENT_TARGET = 17.0;
				MARKETING_VERSION = 1.0;
				PRODUCT_BUNDLE_IDENTIFIER = kg.geekstudio.TabViewTests;
				PRODUCT_NAME = "$(TARGET_NAME)";
				SWIFT_EMIT_LOC_STRINGS = NO;
				SWIFT_VERSION = 5.0;
				TARGETED_DEVICE_FAMILY = "1,2";
				TEST_HOST = "$(BUILT_PRODUCTS_DIR)/TabView.app/$(BUNDLE_EXECUTABLE_FOLDER_PATH)/TabView";
			};
			name = Debug;
		};
		FA59C8D72AE13905001B341C /* Release */ = {
			isa = XCBuildConfiguration;
			buildSettings = {
				ALWAYS_EMBED_SWIFT_STANDARD_LIBRARIES = YES;
				BUNDLE_LOADER = "$(TEST_HOST)";
				CODE_SIGN_STYLE = Automatic;
				CURRENT_PROJECT_VERSION = 1;
				DEVELOPMENT_TEAM = K46D6GV5UJ;
				GENERATE_INFOPLIST_FILE = YES;
				IPHONEOS_DEPLOYMENT_TARGET = 17.0;
				MARKETING_VERSION = 1.0;
				PRODUCT_BUNDLE_IDENTIFIER = kg.geekstudio.TabViewTests;
				PRODUCT_NAME = "$(TARGET_NAME)";
				SWIFT_EMIT_LOC_STRINGS = NO;
				SWIFT_VERSION = 5.0;
				TARGETED_DEVICE_FAMILY = "1,2";
				TEST_HOST = "$(BUILT_PRODUCTS_DIR)/TabView.app/$(BUNDLE_EXECUTABLE_FOLDER_PATH)/TabView";
			};
			name = Release;
		};
		FA59C8D92AE13905001B341C /* Debug */ = {
			isa = XCBuildConfiguration;
			buildSettings = {
				ALWAYS_EMBED_SWIFT_STANDARD_LIBRARIES = YES;
				CODE_SIGN_STYLE = Automatic;
				CURRENT_PROJECT_VERSION = 1;
				DEVELOPMENT_TEAM = K46D6GV5UJ;
				GENERATE_INFOPLIST_FILE = YES;
				MARKETING_VERSION = 1.0;
				PRODUCT_BUNDLE_IDENTIFIER = kg.geekstudio.TabViewUITests;
				PRODUCT_NAME = "$(TARGET_NAME)";
				SWIFT_EMIT_LOC_STRINGS = NO;
				SWIFT_VERSION = 5.0;
				TARGETED_DEVICE_FAMILY = "1,2";
				TEST_TARGET_NAME = TabView;
			};
			name = Debug;
		};
		FA59C8DA2AE13905001B341C /* Release */ = {
			isa = XCBuildConfiguration;
			buildSettings = {
				ALWAYS_EMBED_SWIFT_STANDARD_LIBRARIES = YES;
				CODE_SIGN_STYLE = Automatic;
				CURRENT_PROJECT_VERSION = 1;
				DEVELOPMENT_TEAM = K46D6GV5UJ;
				GENERATE_INFOPLIST_FILE = YES;
				MARKETING_VERSION = 1.0;
				PRODUCT_BUNDLE_IDENTIFIER = kg.geekstudio.TabViewUITests;
				PRODUCT_NAME = "$(TARGET_NAME)";
				SWIFT_EMIT_LOC_STRINGS = NO;
				SWIFT_VERSION = 5.0;
				TARGETED_DEVICE_FAMILY = "1,2";
				TEST_TARGET_NAME = TabView;
			};
			name = Release;
		};
/* End XCBuildConfiguration section */

/* Begin XCConfigurationList section */
		FA59C8A92AE13902001B341C /* Build configuration list for PBXProject "TabView" */ = {
			isa = XCConfigurationList;
			buildConfigurations = (
				FA59C8D02AE13905001B341C /* Debug */,
				FA59C8D12AE13905001B341C /* Release */,
			);
			defaultConfigurationIsVisible = 0;
			defaultConfigurationName = Release;
		};
		FA59C8D22AE13905001B341C /* Build configuration list for PBXNativeTarget "TabView" */ = {
			isa = XCConfigurationList;
			buildConfigurations = (
				FA59C8D32AE13905001B341C /* Debug */,
				FA59C8D42AE13905001B341C /* Release */,
			);
			defaultConfigurationIsVisible = 0;
			defaultConfigurationName = Release;
		};
		FA59C8D52AE13905001B341C /* Build configuration list for PBXNativeTarget "TabViewTests" */ = {
			isa = XCConfigurationList;
			buildConfigurations = (
				FA59C8D62AE13905001B341C /* Debug */,
				FA59C8D72AE13905001B341C /* Release */,
			);
			defaultConfigurationIsVisible = 0;
			defaultConfigurationName = Release;
		};
		FA59C8D82AE13905001B341C /* Build configuration list for PBXNativeTarget "TabViewUITests" */ = {
			isa = XCConfigurationList;
			buildConfigurations = (
				FA59C8D92AE13905001B341C /* Debug */,
				FA59C8DA2AE13905001B341C /* Release */,
			);
			defaultConfigurationIsVisible = 0;
			defaultConfigurationName = Release;
		};
/* End XCConfigurationList section */
	};
	rootObject = FA59C8A62AE13902001B341C /* Project object */;
}
